github.com/bdragon300/go-asyncapi/run v0.0.0-20240506132131-c1a9e9fbbe09 h1:5Kyz8PdFzPZYKmdxnfePtJ2Um7VDgT4P4xiyq3CiOnU=
github.com/bdragon300/go-asyncapi/run v0.0.0-20240506132131-c1a9e9fbbe09/go.mod h1:DSG1ADgER0phh/2cvHa9j9ps7MtH0lOAilwt1wRej80=
github.com/bdragon300/go-asyncapi/run v0.0.0-20250702083337-379e14e4caef h1:xteUv7livjnvoxo+W5m8SV55/CcBJKPPLkh51NLB0vo=
github.com/bdragon300/go-asyncapi/run v0.0.0-20250702083337-379e14e4caef/go.mod h1:mC7SBVvP3/ycNbGNfnar+0zBboxJzn8VdmqnfPR9x+E=
github.com/bdragon300/go-asyncapi/run v0.0.0-20250707112618-16964b883284 h1:Y6KmitOdWJanAftqGa64SL6L2Mz9ThXWKyP1CPYljQ0=
github.com/bdragon300/go-asyncapi/run v0.0.0-20250707112618-16964b883284/go.mod h1:mC7SBVvP3/ycNbGNfnar+0zBboxJzn8VdmqnfPR9x+E=
github.com/bdragon300/go-asyncapi/run v0.0.0-20260125180937-130e7f46902c h1:Pj7seVO1fX0wc0JkXML2cr2MvSkpr33AcL+69cE+/aY=
github.com/bdragon300/go-asyncapi/run v0.0.0-20260125180937-130e7f46902c/go.mod h1:/PQqTl091uvEAtOQYrySd4Rd4R7hWQoCv0EmeDNqSq4=
